<?xml version="1.0" encoding="utf-8"?>
<Project ToolsVersion="15.0" xmlns="http://schemas.microsoft.com/developer/msbuild/2003">
  <ItemGroup>
    <Filter Include="Resources">
      <UniqueIdentifier>accd3aa8-1ba0-4223-9bbe-0c431709210b</UniqueIdentifier>
      <Extensions>rc;ico;cur;bmp;dlg;rc2;rct;bin;rgs;gif;jpg;jpeg;jpe;resx;tga;tiff;tif;png;wav;mfcribbon-ms</Extensions>
    </Filter>
    <Filter Include="Generated Files">
      <UniqueIdentifier>{926ab91d-31b4-48c3-b9a4-e681349f27f0}</UniqueIdentifier>
    </Filter>
    <Filter Include="Core">
      <UniqueIdentifier>{afd4d78b-083d-4b30-8792-715499a08648}</UniqueIdentifier>
    </Filter>
    <Filter Include="pch">
      <UniqueIdentifier>{69b5921f-554a-4ce3-80ab-0925eeaa466d}</UniqueIdentifier>
    </Filter>
    <Filter Include="thirdparty">
      <UniqueIdentifier>{712c254f-446f-4880-8269-d124234e8337}</UniqueIdentifier>
    </Filter>
    <Filter Include="thirdparty\imgui">
      <UniqueIdentifier>{2a44eb1b-1f46-4779-beb6-5ef9c29aa129}</UniqueIdentifier>
    </Filter>
    <Filter Include="Common">
      <UniqueIdentifier>{3fd281e5-3dc0-4278-8a3f-e6883a8b70d9}</UniqueIdentifier>
    </Filter>
    <Filter Include="Common\slot_pool">
      <UniqueIdentifier>{2696aa9f-9cf0-4a4d-87d6-1b2d78337857}</UniqueIdentifier>
    </Filter>
    <Filter Include="Core\InputSystem">
      <UniqueIdentifier>{a2b31458-cc76-4866-bfe9-50379512918e}</UniqueIdentifier>
    </Filter>
    <Filter Include="Core\EditorSystem">
      <UniqueIdentifier>{21574c33-e79f-4383-bcd6-2511621a26d7}</UniqueIdentifier>
    </Filter>
    <Filter Include="Core\EditorSystem\EditorWindow">
      <UniqueIdentifier>{fbbbbe6c-6536-46c9-a5f6-d525d399bd54}</UniqueIdentifier>
    </Filter>
    <Filter Include="Core\WsiuGUI">
      <UniqueIdentifier>{5e3c545f-4236-44df-8c5d-2e368484086e}</UniqueIdentifier>
    </Filter>
    <Filter Include="Core\ImguiContext">
      <UniqueIdentifier>{522417c8-30d0-4f8b-b707-afaf5d4a2ce7}</UniqueIdentifier>
    </Filter>
    <Filter Include="Core\EngineCore">
      <UniqueIdentifier>{069f447b-b83d-4a78-a186-ba3947cbeae4}</UniqueIdentifier>
    </Filter>
  </ItemGroup>
  <ItemGroup>
    <ClCompile Include="$(GeneratedFilesDir)module.g.cpp" />
    <ClCompile Include="pch.cpp">
      <Filter>pch</Filter>
    </ClCompile>
    <ClCompile Include="thirdparty\imgui\imgui.cpp">
      <Filter>thirdparty\imgui</Filter>
    </ClCompile>
    <ClCompile Include="thirdparty\imgui\imgui_demo.cpp">
      <Filter>thirdparty\imgui</Filter>
    </ClCompile>
    <ClCompile Include="thirdparty\imgui\imgui_draw.cpp">
      <Filter>thirdparty\imgui</Filter>
    </ClCompile>
    <ClCompile Include="thirdparty\imgui\imgui_impl_dx11.cpp">
      <Filter>thirdparty\imgui</Filter>
    </ClCompile>
    <ClCompile Include="thirdparty\imgui\imgui_impl_win32.cpp">
      <Filter>thirdparty\imgui</Filter>
    </ClCompile>
    <ClCompile Include="thirdparty\imgui\imgui_stdlib.cpp">
      <Filter>thirdparty\imgui</Filter>
    </ClCompile>
    <ClCompile Include="thirdparty\imgui\imgui_tables.cpp">
      <Filter>thirdparty\imgui</Filter>
    </ClCompile>
    <ClCompile Include="thirdparty\imgui\imgui_widgets.cpp">
      <Filter>thirdparty\imgui</Filter>
    </ClCompile>
    <ClCompile Include="default_cleaner.cpp" />
    <ClCompile Include="imgui_helper.cpp" />
    <ClCompile Include="InputSystem.cpp">
      <Filter>Core\InputSystem</Filter>
    </ClCompile>
    <ClCompile Include="EditorWindow.cpp">
      <Filter>Core\EditorSystem\EditorWindow</Filter>
    </ClCompile>
  </ItemGroup>
  <ItemGroup>
    <ClInclude Include="pch.h">
      <Filter>pch</Filter>
    </ClInclude>
    <ClInclude Include="dx11commons.h">
      <Filter>pch</Filter>
    </ClInclude>
    <ClInclude Include="thirdparty\imgui\imgui.h">
      <Filter>thirdparty\imgui</Filter>
    </ClInclude>
    <ClInclude Include="thirdparty\imgui\imgui_impl_dx11.h">
      <Filter>thirdparty\imgui</Filter>
    </ClInclude>
    <ClInclude Include="thirdparty\imgui\imgui_impl_win32.h">
      <Filter>thirdparty\imgui</Filter>
    </ClInclude>
    <ClInclude Include="thirdparty\imgui\imgui_internal.h">
      <Filter>thirdparty\imgui</Filter>
    </ClInclude>
    <ClInclude Include="thirdparty\imgui\imgui_stdlib.h">
      <Filter>thirdparty\imgui</Filter>
    </ClInclude>
    <ClInclude Include="imguicommons.h">
      <Filter>pch</Filter>
    </ClInclude>
    <ClInclude Include="slot_pool.h">
      <Filter>Common\slot_pool</Filter>
    </ClInclude>
    <ClInclude Include="default_cleaner.h">
      <Filter>Common\slot_pool</Filter>
    </ClInclude>
    <ClInclude Include="InputSystem.h">
      <Filter>Core\InputSystem</Filter>
    </ClInclude>
    <ClInclude Include="imgui_helper.h">
      <Filter>Common</Filter>
    </ClInclude>
    <ClInclude Include="IWsiuGUI.h">
      <Filter>Core\WsiuGUI</Filter>
    </ClInclude>
    <ClInclude Include="EditorWindow.h">
      <Filter>Core\EditorSystem\EditorWindow</Filter>
    </ClInclude>
  </ItemGroup>
  <ItemGroup>
    <None Include="WsiuRenderer.def" />
    <None Include="packages.config" />
  </ItemGroup>
  <ItemGroup>
    <Text Include="readme.txt" />
  </ItemGroup>
  <ItemGroup>
    <Natvis Include="$(MSBuildThisFileDirectory)..\..\natvis\wil.natvis" />
    <Natvis Include="$(MSBuildThisFileDirectory)..\..\natvis\wil.natstepfilter" />
  </ItemGroup>
  <ItemGroup>
    <Midl Include="MouseInputState.idl">
      <Filter>Core\InputSystem</Filter>
    </Midl>
    <Midl Include="KeyboardInputState.idl">
      <Filter>Core\InputSystem</Filter>
    </Midl>
    <Midl Include="ImguiContext.idl">
      <Filter>Core\ImguiContext</Filter>
    </Midl>
    <Midl Include="EngineCore.idl">
      <Filter>Core\EngineCore</Filter>
    </Midl>
  </ItemGroup>
</Project>